
Microsoft Visual Studio Solution File, Format Version 12.00
# Visual Studio 15
VisualStudioVersion = 15.0.27130.2024
MinimumVisualStudioVersion = 10.0.40219.1
Project("{9A19103F-16F7-4668-BE54-9A1E7A4F7556}") = "Agg.AdaptiveSubdivision", "src\Agg.AdaptiveSubdivision\Agg.AdaptiveSubdivision.csproj", "{FE7C0CD9-F606-45AC-8EC0-ACC17835EC04}"
EndProject
Project("{2150E333-8FDC-42A3-9474-1A3956D46DE8}") = "Solution Items", "Solution Items", "{19D061F1-2E8F-4BA3-833D-E80654520EDF}"
	ProjectSection(SolutionItems) = preProject
		COPYING.txt = COPYING.txt
		README.md = README.md
	EndProjectSection
EndProject
Project("{9A19103F-16F7-4668-BE54-9A1E7A4F7556}") = "Agg", "src\Agg\Agg.csproj", "{15AD7F74-8BBC-4BAD-B153-9BF8C44B54AB}"
EndProject
Project("{FAE04EC0-301F-11D3-BF4B-00C04F79EFBC}") = "Agg.AdaptiveSubdivision.VisualTest", "src\Agg.AdaptiveSubdivision.VisualTest\Agg.AdaptiveSubdivision.VisualTest.csproj", "{A5F2E413-CE72-4DD3-BB04-A442E240DA87}"
EndProject
Global
	GlobalSection(SolutionConfigurationPlatforms) = preSolution
		Debug|Any CPU = Debug|Any CPU
		Release|Any CPU = Release|Any CPU
	EndGlobalSection
	GlobalSection(ProjectConfigurationPlatforms) = postSolution
		{FE7C0CD9-F606-45AC-8EC0-ACC17835EC04}.Debug|Any CPU.ActiveCfg = Debug|Any CPU
		{FE7C0CD9-F606-45AC-8EC0-ACC17835EC04}.Debug|Any CPU.Build.0 = Debug|Any CPU
		{FE7C0CD9-F606-45AC-8EC0-ACC17835EC04}.Release|Any CPU.ActiveCfg = Release|Any CPU
		{FE7C0CD9-F606-45AC-8EC0-ACC17835EC04}.Release|Any CPU.Build.0 = Release|Any CPU
		{15AD7F74-8BBC-4BAD-B153-9BF8C44B54AB}.Debug|Any CPU.ActiveCfg = Debug|Any CPU
		{15AD7F74-8BBC-4BAD-B153-9BF8C44B54AB}.Debug|Any CPU.Build.0 = Debug|Any CPU
		{15AD7F74-8BBC-4BAD-B153-9BF8C44B54AB}.Release|Any CPU.ActiveCfg = Release|Any CPU
		{15AD7F74-8BBC-4BAD-B153-9BF8C44B54AB}.Release|Any CPU.Build.0 = Release|Any CPU
		{A5F2E413-CE72-4DD3-BB04-A442E240DA87}.Debug|Any CPU.ActiveCfg = Debug|Any CPU
		{A5F2E413-CE72-4DD3-BB04-A442E240DA87}.Debug|Any CPU.Build.0 = Debug|Any CPU
		{A5F2E413-CE72-4DD3-BB04-A442E240DA87}.Release|Any CPU.ActiveCfg = Release|Any CPU
		{A5F2E413-CE72-4DD3-BB04-A442E240DA87}.Release|Any CPU.Build.0 = Release|Any CPU
	EndGlobalSection
	GlobalSection(SolutionProperties) = preSolution
		HideSolutionNode = FALSE
	EndGlobalSection
	GlobalSection(ExtensibilityGlobals) = postSolution
		SolutionGuid = {5ECCB68C-2227-41A6-9FAB-02941558C1B2}
	EndGlobalSection
EndGlobal
